// !$*UTF8*$!
{
	archiveVersion = 1;
	classes = {
	};
	objectVersion = 46;
	objects = {

/* Begin PBXBuildFile section */
		86B5847E1C35E9041047E455 /* Pods_FlikrPhotoSearch.framework in Frameworks */ = {isa = PBXBuildFile; fileRef = 0105A9EED3E84A9F50126212 /* Pods_FlikrPhotoSearch.framework */; };
		EFDCA1D01F0E4D2F00F72D99 /* AppDelegate.swift in Sources */ = {isa = PBXBuildFile; fileRef = EFDCA1CF1F0E4D2F00F72D99 /* AppDelegate.swift */; };
		EFDCA1D21F0E4D2F00F72D99 /* SearchViewController.swift in Sources */ = {isa = PBXBuildFile; fileRef = EFDCA1D11F0E4D2F00F72D99 /* SearchViewController.swift */; };
		EFDCA1D51F0E4D2F00F72D99 /* Main.storyboard in Resources */ = {isa = PBXBuildFile; fileRef = EFDCA1D31F0E4D2F00F72D99 /* Main.storyboard */; };
		EFDCA1D71F0E4D2F00F72D99 /* Assets.xcassets in Resources */ = {isa = PBXBuildFile; fileRef = EFDCA1D61F0E4D2F00F72D99 /* Assets.xcassets */; };
		EFDCA1DA1F0E4D2F00F72D99 /* LaunchScreen.storyboard in Resources */ = {isa = PBXBuildFile; fileRef = EFDCA1D81F0E4D2F00F72D99 /* LaunchScreen.storyboard */; };
		EFDCA1E21F0E5C0000F72D99 /* DataSource.swift in Sources */ = {isa = PBXBuildFile; fileRef = EFDCA1E11F0E5C0000F72D99 /* DataSource.swift */; };
		EFDCA1E41F0E5C1500F72D99 /* NetworkManager.swift in Sources */ = {isa = PBXBuildFile; fileRef = EFDCA1E31F0E5C1500F72D99 /* NetworkManager.swift */; };
		EFDCA1E61F0E5C2900F72D99 /* PostModel.swift in Sources */ = {isa = PBXBuildFile; fileRef = EFDCA1E51F0E5C2900F72D99 /* PostModel.swift */; };
		EFDCA1E81F0E5C4F00F72D99 /* PostCellViewModel.swift in Sources */ = {isa = PBXBuildFile; fileRef = EFDCA1E71F0E5C4F00F72D99 /* PostCellViewModel.swift */; };
		EFDCA1EA1F0E60DB00F72D99 /* PostsViewController.swift in Sources */ = {isa = PBXBuildFile; fileRef = EFDCA1E91F0E60DB00F72D99 /* PostsViewController.swift */; };
		EFDCA1EC1F0E60F900F72D99 /* PostDetailsViewController.swift in Sources */ = {isa = PBXBuildFile; fileRef = EFDCA1EB1F0E60F900F72D99 /* PostDetailsViewController.swift */; };
		EFDCA1EE1F0E614900F72D99 /* PostsCollectionViewController.swift in Sources */ = {isa = PBXBuildFile; fileRef = EFDCA1ED1F0E614900F72D99 /* PostsCollectionViewController.swift */; };
/* End PBXBuildFile section */

/* Begin PBXFileReference section */
		0105A9EED3E84A9F50126212 /* Pods_FlikrPhotoSearch.framework */ = {isa = PBXFileReference; explicitFileType = wrapper.framework; includeInIndex = 0; path = Pods_FlikrPhotoSearch.framework; sourceTree = BUILT_PRODUCTS_DIR; };
		32310A0492E5BC66930A4B95 /* Pods-FlikrPhotoSearch.debug.xcconfig */ = {isa = PBXFileReference; includeInIndex = 1; lastKnownFileType = text.xcconfig; name = "Pods-FlikrPhotoSearch.debug.xcconfig"; path = "Pods/Target Support Files/Pods-FlikrPhotoSearch/Pods-FlikrPhotoSearch.debug.xcconfig"; sourceTree = "<group>"; };
		591BC03C9AD91C5CD8C4DAD5 /* Pods-FlikrPhotoSearch.release.xcconfig */ = {isa = PBXFileReference; includeInIndex = 1; lastKnownFileType = text.xcconfig; name = "Pods-FlikrPhotoSearch.release.xcconfig"; path = "Pods/Target Support Files/Pods-FlikrPhotoSearch/Pods-FlikrPhotoSearch.release.xcconfig"; sourceTree = "<group>"; };
		EFDCA1CC1F0E4D2F00F72D99 /* FlikrPhotoSearch.app */ = {isa = PBXFileReference; explicitFileType = wrapper.application; includeInIndex = 0; path = FlikrPhotoSearch.app; sourceTree = BUILT_PRODUCTS_DIR; };
		EFDCA1CF1F0E4D2F00F72D99 /* AppDelegate.swift */ = {isa = PBXFileReference; lastKnownFileType = sourcecode.swift; path = AppDelegate.swift; sourceTree = "<group>"; };
		EFDCA1D11F0E4D2F00F72D99 /* SearchViewController.swift */ = {isa = PBXFileReference; lastKnownFileType = sourcecode.swift; path = SearchViewController.swift; sourceTree = "<group>"; };
		EFDCA1D41F0E4D2F00F72D99 /* Base */ = {isa = PBXFileReference; lastKnownFileType = file.storyboard; name = Base; path = Base.lproj/Main.storyboard; sourceTree = "<group>"; };
		EFDCA1D61F0E4D2F00F72D99 /* Assets.xcassets */ = {isa = PBXFileReference; lastKnownFileType = folder.assetcatalog; path = Assets.xcassets; sourceTree = "<group>"; };
		EFDCA1D91F0E4D2F00F72D99 /* Base */ = {isa = PBXFileReference; lastKnownFileType = file.storyboard; name = Base; path = Base.lproj/LaunchScreen.storyboard; sourceTree = "<group>"; };
		EFDCA1DB1F0E4D2F00F72D99 /* Info.plist */ = {isa = PBXFileReference; lastKnownFileType = text.plist.xml; path = Info.plist; sourceTree = "<group>"; };
		EFDCA1E11F0E5C0000F72D99 /* DataSource.swift */ = {isa = PBXFileReference; fileEncoding = 4; lastKnownFileType = sourcecode.swift; path = DataSource.swift; sourceTree = "<group>"; };
		EFDCA1E31F0E5C1500F72D99 /* NetworkManager.swift */ = {isa = PBXFileReference; fileEncoding = 4; lastKnownFileType = sourcecode.swift; path = NetworkManager.swift; sourceTree = "<group>"; };
		EFDCA1E51F0E5C2900F72D99 /* PostModel.swift */ = {isa = PBXFileReference; fileEncoding = 4; lastKnownFileType = sourcecode.swift; path = PostModel.swift; sourceTree = "<group>"; };
		EFDCA1E71F0E5C4F00F72D99 /* PostCellViewModel.swift */ = {isa = PBXFileReference; fileEncoding = 4; lastKnownFileType = sourcecode.swift; path = PostCellViewModel.swift; sourceTree = "<group>"; };
		EFDCA1E91F0E60DB00F72D99 /* PostsViewController.swift */ = {isa = PBXFileReference; fileEncoding = 4; lastKnownFileType = sourcecode.swift; path = PostsViewController.swift; sourceTree = "<group>"; };
		EFDCA1EB1F0E60F900F72D99 /* PostDetailsViewController.swift */ = {isa = PBXFileReference; fileEncoding = 4; lastKnownFileType = sourcecode.swift; path = PostDetailsViewController.swift; sourceTree = "<group>"; };
		EFDCA1ED1F0E614900F72D99 /* PostsCollectionViewController.swift */ = {isa = PBXFileReference; fileEncoding = 4; lastKnownFileType = sourcecode.swift; path = PostsCollectionViewController.swift; sourceTree = "<group>"; };
/* End PBXFileReference section */

/* Begin PBXFrameworksBuildPhase section */
		EFDCA1C91F0E4D2F00F72D99 /* Frameworks */ = {
			isa = PBXFrameworksBuildPhase;
			buildActionMask = 2147483647;
			files = (
				86B5847E1C35E9041047E455 /* Pods_FlikrPhotoSearch.framework in Frameworks */,
			);
			runOnlyForDeploymentPostprocessing = 0;
		};
/* End PBXFrameworksBuildPhase section */

/* Begin PBXGroup section */
		342E7BBD7CF0CD4E408ED49F /* Frameworks */ = {
			isa = PBXGroup;
			children = (
				0105A9EED3E84A9F50126212 /* Pods_FlikrPhotoSearch.framework */,
			);
			name = Frameworks;
			sourceTree = "<group>";
		};
		CC54477249C411FA23349E5B /* Pods */ = {
			isa = PBXGroup;
			children = (
				32310A0492E5BC66930A4B95 /* Pods-FlikrPhotoSearch.debug.xcconfig */,
				591BC03C9AD91C5CD8C4DAD5 /* Pods-FlikrPhotoSearch.release.xcconfig */,
			);
			name = Pods;
			sourceTree = "<group>";
		};
		EFDCA1C31F0E4D2F00F72D99 = {
			isa = PBXGroup;
			children = (
				EFDCA1CE1F0E4D2F00F72D99 /* FlikrPhotoSearch */,
				EFDCA1CD1F0E4D2F00F72D99 /* Products */,
				CC54477249C411FA23349E5B /* Pods */,
				342E7BBD7CF0CD4E408ED49F /* Frameworks */,
			);
			sourceTree = "<group>";
		};
		EFDCA1CD1F0E4D2F00F72D99 /* Products */ = {
			isa = PBXGroup;
			children = (
				EFDCA1CC1F0E4D2F00F72D99 /* FlikrPhotoSearch.app */,
			);
			name = Products;
			sourceTree = "<group>";
		};
		EFDCA1CE1F0E4D2F00F72D99 /* FlikrPhotoSearch */ = {
			isa = PBXGroup;
			children = (
				EFDCA1CF1F0E4D2F00F72D99 /* AppDelegate.swift */,
				EFDCA1D11F0E4D2F00F72D99 /* SearchViewController.swift */,
				EFDCA1D31F0E4D2F00F72D99 /* Main.storyboard */,
				EFDCA1D61F0E4D2F00F72D99 /* Assets.xcassets */,
				EFDCA1D81F0E4D2F00F72D99 /* LaunchScreen.storyboard */,
				EFDCA1DB1F0E4D2F00F72D99 /* Info.plist */,
				EFDCA1E11F0E5C0000F72D99 /* DataSource.swift */,
				EFDCA1E31F0E5C1500F72D99 /* NetworkManager.swift */,
				EFDCA1E51F0E5C2900F72D99 /* PostModel.swift */,
				EFDCA1E71F0E5C4F00F72D99 /* PostCellViewModel.swift */,
				EFDCA1E91F0E60DB00F72D99 /* PostsViewController.swift */,
				EFDCA1EB1F0E60F900F72D99 /* PostDetailsViewController.swift */,
				EFDCA1ED1F0E614900F72D99 /* PostsCollectionViewController.swift */,
			);
			path = FlikrPhotoSearch;
			sourceTree = "<group>";
		};
/* End PBXGroup section */

/* Begin PBXNativeTarget section */
		EFDCA1CB1F0E4D2F00F72D99 /* FlikrPhotoSearch */ = {
			isa = PBXNativeTarget;
			buildConfigurationList = EFDCA1DE1F0E4D2F00F72D99 /* Build configuration list for PBXNativeTarget "FlikrPhotoSearch" */;
			buildPhases = (
				844257FBA00B2F797AF4BCBA /* [CP] Check Pods Manifest.lock */,
				EFDCA1C81F0E4D2F00F72D99 /* Sources */,
				EFDCA1C91F0E4D2F00F72D99 /* Frameworks */,
				EFDCA1CA1F0E4D2F00F72D99 /* Resources */,
				BE48C814099715978A7DC840 /* [CP] Embed Pods Frameworks */,
				F50CA33FB843CF1B554F80B9 /* [CP] Copy Pods Resources */,
			);
			buildRules = (
			);
			dependencies = (
			);
			name = FlikrPhotoSearch;
			productName = FlikrPhotoSearch;
			productReference = EFDCA1CC1F0E4D2F00F72D99 /* FlikrPhotoSearch.app */;
			productType = "com.apple.product-type.application";
		};
/* End PBXNativeTarget section */

/* Begin PBXProject section */
		EFDCA1C41F0E4D2F00F72D99 /* Project object */ = {
			isa = PBXProject;
			attributes = {
				LastSwiftUpdateCheck = 0830;
				LastUpgradeCheck = 0830;
				ORGANIZATIONNAME = "Sergii Shulga";
				TargetAttributes = {
					EFDCA1CB1F0E4D2F00F72D99 = {
						CreatedOnToolsVersion = 8.3;
						DevelopmentTeam = 2PLWENX7Z3;
						ProvisioningStyle = Automatic;
					};
				};
			};
			buildConfigurationList = EFDCA1C71F0E4D2F00F72D99 /* Build configuration list for PBXProject "FlikrPhotoSearch" */;
			compatibilityVersion = "Xcode 3.2";
			developmentRegion = English;
			hasScannedForEncodings = 0;
			knownRegions = (
				en,
				Base,
			);
			mainGroup = EFDCA1C31F0E4D2F00F72D99;
			productRefGroup = EFDCA1CD1F0E4D2F00F72D99 /* Products */;
			projectDirPath = "";
			projectRoot = "";
			targets = (
				EFDCA1CB1F0E4D2F00F72D99 /* FlikrPhotoSearch */,
			);
		};
/* End PBXProject section */

/* Begin PBXResourcesBuildPhase section */
		EFDCA1CA1F0E4D2F00F72D99 /* Resources */ = {
			isa = PBXResourcesBuildPhase;
			buildActionMask = 2147483647;
			files = (
				EFDCA1DA1F0E4D2F00F72D99 /* LaunchScreen.storyboard in Resources */,
				EFDCA1D71F0E4D2F00F72D99 /* Assets.xcassets in Resources */,
				EFDCA1D51F0E4D2F00F72D99 /* Main.storyboard in Resources */,
			);
			runOnlyForDeploymentPostprocessing = 0;
		};
/* End PBXResourcesBuildPhase section */

/* Begin PBXShellScriptBuildPhase section */
		844257FBA00B2F797AF4BCBA /* [CP] Check Pods Manifest.lock */ = {
			isa = PBXShellScriptBuildPhase;
			buildActionMask = 2147483647;
			files = (
			);
			inputPaths = (
			);
			name = "[CP] Check Pods Manifest.lock";
			outputPaths = (
			);
			runOnlyForDeploymentPostprocessing = 0;
			shellPath = /bin/sh;
			shellScript = "diff \"${PODS_PODFILE_DIR_PATH}/Podfile.lock\" \"${PODS_ROOT}/Manifest.lock\" > /dev/null\nif [ $? != 0 ] ; then\n    # print error to STDERR\n    echo \"error: The sandbox is not in sync with the Podfile.lock. Run 'pod install' or update your CocoaPods installation.\" >&2\n    exit 1\nfi\n";
			showEnvVarsInLog = 0;
		};
		BE48C814099715978A7DC840 /* [CP] Embed Pods Frameworks */ = {
			isa = PBXShellScriptBuildPhase;
			buildActionMask = 2147483647;
			files = (
			);
			inputPaths = (
			);
			name = "[CP] Embed Pods Frameworks";
			outputPaths = (
			);
			runOnlyForDeploymentPostprocessing = 0;
			shellPath = /bin/sh;
			shellScript = "\"${SRCROOT}/Pods/Target Support Files/Pods-FlikrPhotoSearch/Pods-FlikrPhotoSearch-frameworks.sh\"\n";
			showEnvVarsInLog = 0;
		};
		F50CA33FB843CF1B554F80B9 /* [CP] Copy Pods Resources */ = {
			isa = PBXShellScriptBuildPhase;
			buildActionMask = 2147483647;
			files = (
			);
			inputPaths = (
			);
			name = "[CP] Copy Pods Resources";
			outputPaths = (
			);
			runOnlyForDeploymentPostprocessing = 0;
			shellPath = /bin/sh;
			shellScript = "\"${SRCROOT}/Pods/Target Support Files/Pods-FlikrPhotoSearch/Pods-FlikrPhotoSearch-resources.sh\"\n";
			showEnvVarsInLog = 0;
		};
/* End PBXShellScriptBuildPhase section */

/* Begin PBXSourcesBuildPhase section */
		EFDCA1C81F0E4D2F00F72D99 /* Sources */ = {
			isa = PBXSourcesBuildPhase;
			buildActionMask = 2147483647;
			files = (
				EFDCA1EA1F0E60DB00F72D99 /* PostsViewController.swift in Sources */,
				EFDCA1E41F0E5C1500F72D99 /* NetworkManager.swift in Sources */,
				EFDCA1E61F0E5C2900F72D99 /* PostModel.swift in Sources */,
				EFDCA1E81F0E5C4F00F72D99 /* PostCellViewModel.swift in Sources */,
				EFDCA1E21F0E5C0000F72D99 /* DataSource.swift in Sources */,
				EFDCA1EC1F0E60F900F72D99 /* PostDetailsViewController.swift in Sources */,
				EFDCA1D21F0E4D2F00F72D99 /* SearchViewController.swift in Sources */,
				EFDCA1EE1F0E614900F72D99 /* PostsCollectionViewController.swift in Sources */,
				EFDCA1D01F0E4D2F00F72D99 /* AppDelegate.swift in Sources */,
			);
			runOnlyForDeploymentPostprocessing = 0;
		};
/* End PBXSourcesBuildPhase section */

/* Begin PBXVariantGroup section */
		EFDCA1D31F0E4D2F00F72D99 /* Main.storyboard */ = {
			isa = PBXVariantGroup;
			children = (
				EFDCA1D41F0E4D2F00F72D99 /* Base */,
			);
			name = Main.storyboard;
			sourceTree = "<group>";
		};
		EFDCA1D81F0E4D2F00F72D99 /* LaunchScreen.storyboard */ = {
			isa = PBXVariantGroup;
			children = (
				EFDCA1D91F0E4D2F00F72D99 /* Base */,
			);
			name = LaunchScreen.storyboard;
			sourceTree = "<group>";
		};
/* End PBXVariantGroup section */

/* Begin XCBuildConfiguration section */
		EFDCA1DC1F0E4D2F00F72D99 /* Debug */ = {
			isa = XCBuildConfiguration;
			buildSettings = {
				ALWAYS_SEARCH_USER_PATHS = NO;
				CLANG_ANALYZER_NONNULL = YES;
				CLANG_ANALYZER_NUMBER_OBJECT_CONVERSION = YES_AGGRESSIVE;
				CLANG_CXX_LANGUAGE_STANDARD = "gnu++0x";
				CLANG_CXX_LIBRARY = "libc++";
				CLANG_ENABLE_MODULES = YES;
				CLANG_ENABLE_OBJC_ARC = YES;
				CLANG_WARN_BOOL_CONVERSION = YES;
				CLANG_WARN_CONSTANT_CONVERSION = YES;
				CLANG_WARN_DIRECT_OBJC_ISA_USAGE = YES_ERROR;
				CLANG_WARN_DOCUMENTATION_COMMENTS = YES;
				CLANG_WARN_EMPTY_BODY = YES;
				CLANG_WARN_ENUM_CONVERSION = YES;
				CLANG_WARN_INFINITE_RECURSION = YES;
				CLANG_WARN_INT_CONVERSION = YES;
				CLANG_WARN_OBJC_ROOT_CLASS = YES_ERROR;
				CLANG_WARN_SUSPICIOUS_MOVE = YES;
				CLANG_WARN_UNREACHABLE_CODE = YES;
				CLANG_WARN__DUPLICATE_METHOD_MATCH = YES;
				"CODE_SIGN_IDENTITY[sdk=iphoneos*]" = "iPhone Developer";
				COPY_PHASE_STRIP = NO;
				DEBUG_INFORMATION_FORMAT = dwarf;
				ENABLE_STRICT_OBJC_MSGSEND = YES;
				ENABLE_TESTABILITY = YES;
				GCC_C_LANGUAGE_STANDARD = gnu99;
				GCC_DYNAMIC_NO_PIC = NO;
				GCC_NO_COMMON_BLOCKS = YES;
				GCC_OPTIMIZATION_LEVEL = 0;
				GCC_PREPROCESSOR_DEFINITIONS = (
					"DEBUG=1",
					"$(inherited)",
				);
				GCC_WARN_64_TO_32_BIT_CONVERSION = YES;
				GCC_WARN_ABOUT_RETURN_TYPE = YES_ERROR;
				GCC_WARN_UNDECLARED_SELECTOR = YES;
				GCC_WARN_UNINITIALIZED_AUTOS = YES_AGGRESSIVE;
				GCC_WARN_UNUSED_FUNCTION = YES;
				GCC_WARN_UNUSED_VARIABLE = YES;
				IPHONEOS_DEPLOYMENT_TARGET = 10.3;
				MTL_ENABLE_DEBUG_INFO = YES;
				ONLY_ACTIVE_ARCH = YES;
				SDKROOT = iphoneos;
				SWIFT_ACTIVE_COMPILATION_CONDITIONS = DEBUG;
				SWIFT_OPTIMIZATION_LEVEL = "-Onone";
			};
			name = Debug;
		};
		EFDCA1DD1F0E4D2F00F72D99 /* Release */ = {
			isa = XCBuildConfiguration;
			buildSettings = {
				ALWAYS_SEARCH_USER_PATHS = NO;
				CLANG_ANALYZER_NONNULL = YES;
				CLANG_ANALYZER_NUMBER_OBJECT_CONVERSION = YES_AGGRESSIVE;
				CLANG_CXX_LANGUAGE_STANDARD = "gnu++0x";
				CLANG_CXX_LIBRARY = "libc++";
				CLANG_ENABLE_MODULES = YES;
				CLANG_ENABLE_OBJC_ARC = YES;
				CLANG_WARN_BOOL_CONVERSION = YES;
				CLANG_WARN_CONSTANT_CONVERSION = YES;
				CLANG_WARN_DIRECT_OBJC_ISA_USAGE = YES_ERROR;
				CLANG_WARN_DOCUMENTATION_COMMENTS = YES;
				CLANG_WARN_EMPTY_BODY = YES;
				CLANG_WARN_ENUM_CONVERSION = YES;
				CLANG_WARN_INFINITE_RECURSION = YES;
				CLANG_WARN_INT_CONVERSION = YES;
				CLANG_WARN_OBJC_ROOT_CLASS = YES_ERROR;
				CLANG_WARN_SUSPICIOUS_MOVE = YES;
				CLANG_WARN_UNREACHABLE_CODE = YES;
				CLANG_WARN__DUPLICATE_METHOD_MATCH = YES;
				"CODE_SIGN_IDENTITY[sdk=iphoneos*]" = "iPhone Developer";
				COPY_PHASE_STRIP = NO;
				DEBUG_INFORMATION_FORMAT = "dwarf-with-dsym";
				ENABLE_NS_ASSERTIONS = NO;
				ENABLE_STRICT_OBJC_MSGSEND = YES;
				GCC_C_LANGUAGE_STANDARD = gnu99;
				GCC_NO_COMMON_BLOCKS = YES;
				GCC_WARN_64_TO_32_BIT_CONVERSION = YES;
				GCC_WARN_ABOUT_RETURN_TYPE = YES_ERROR;
				GCC_WARN_UNDECLARED_SELECTOR = YES;
				GCC_WARN_UNINITIALIZED_AUTOS = YES_AGGRESSIVE;
				GCC_WARN_UNUSED_FUNCTION = YES;
				GCC_WARN_UNUSED_VARIABLE = YES;
				IPHONEOS_DEPLOYMENT_TARGET = 10.3;
				MTL_ENABLE_DEBUG_INFO = NO;
				SDKROOT = iphoneos;
				SWIFT_OPTIMIZATION_LEVEL = "-Owholemodule";
				VALIDATE_PRODUCT = YES;
			};
			name = Release;
		};
		EFDCA1DF1F0E4D2F00F72D99 /* Debug */ = {
			isa = XCBuildConfiguration;
			baseConfigurationReference = 32310A0492E5BC66930A4B95 /* Pods-FlikrPhotoSearch.debug.xcconfig */;
			buildSettings = {
				ASSETCATALOG_COMPILER_APPICON_NAME = AppIcon;
				DEVELOPMENT_TEAM = 2PLWENX7Z3;
				INFOPLIST_FILE = FlikrPhotoSearch/Info.plist;
				LD_RUNPATH_SEARCH_PATHS = "$(inherited) @executable_path/Frameworks";
				PRODUCT_BUNDLE_IDENTIFIER = com.scholl.FlikrPhotoSearch;
				PRODUCT_NAME = "$(TARGET_NAME)";
				SWIFT_VERSION = 3.0;
			};
			name = Debug;
		};
		EFDCA1E01F0E4D2F00F72D99 /* Release */ = {
			isa = XCBuildConfiguration;
			baseConfigurationReference = 591BC03C9AD91C5CD8C4DAD5 /* Pods-FlikrPhotoSearch.release.xcconfig */;
			buildSettings = {
				ASSETCATALOG_COMPILER_APPICON_NAME = AppIcon;
				DEVELOPMENT_TEAM = 2PLWENX7Z3;
				INFOPLIST_FILE = FlikrPhotoSearch/Info.plist;
				LD_RUNPATH_SEARCH_PATHS = "$(inherited) @executable_path/Frameworks";
				PRODUCT_BUNDLE_IDENTIFIER = com.scholl.FlikrPhotoSearch;
				PRODUCT_NAME = "$(TARGET_NAME)";
				SWIFT_VERSION = 3.0;
			};
			name = Release;
		};
/* End XCBuildConfiguration section */

/* Begin XCConfigurationList section */
		EFDCA1C71F0E4D2F00F72D99 /* Build configuration list for PBXProject "FlikrPhotoSearch" */ = {
			isa = XCConfigurationList;
			buildConfigurations = (
				EFDCA1DC1F0E4D2F00F72D99 /* Debug */,
				EFDCA1DD1F0E4D2F00F72D99 /* Release */,
			);
			defaultConfigurationIsVisible = 0;
			defaultConfigurationName = Release;
		};
		EFDCA1DE1F0E4D2F00F72D99 /* Build configuration list for PBXNativeTarget "FlikrPhotoSearch" */ = {
			isa = XCConfigurationList;
			buildConfigurations = (
				EFDCA1DF1F0E4D2F00F72D99 /* Debug */,
				EFDCA1E01F0E4D2F00F72D99 /* Release */,
			);
			defaultConfigurationIsVisible = 0;
		};
/* End XCConfigurationList section */
	};
	rootObject = EFDCA1C41F0E4D2F00F72D99 /* Project object */;
}
